
Microsoft Visual Studio Solution File, Format Version 12.00
# Visual Studio Version 16
VisualStudioVersion = 16.0.31112.23
MinimumVisualStudioVersion = 15.0.26124.0
Project("{2150E333-8FDC-42A3-9474-1A3956D46DE8}") = "src", "src", "{78F335D1-8ED5-4DAF-B125-20DE715AC711}"
EndProject
Project("{2150E333-8FDC-42A3-9474-1A3956D46DE8}") = "tests", "tests", "{0DAF513E-DABC-4147-80AE-059B149343DF}"
EndProject
Project("{FAE04EC0-301F-11D3-BF4B-00C04F79EFBC}") = "LeilaoOnline.Core", "src\LeilaoOnline.Core\LeilaoOnline.Core.csproj", "{D236EB55-33D4-449E-A10F-2A4B6F83272D}"
EndProject
Global
	GlobalSection(SolutionConfigurationPlatforms) = preSolution
		Debug|Any CPU = Debug|Any CPU
		Debug|x64 = Debug|x64
		Debug|x86 = Debug|x86
		Release|Any CPU = Release|Any CPU
		Release|x64 = Release|x64
		Release|x86 = Release|x86
	EndGlobalSection
	GlobalSection(ProjectConfigurationPlatforms) = postSolution
		{D236EB55-33D4-449E-A10F-2A4B6F83272D}.Debug|Any CPU.ActiveCfg = Debug|Any CPU
		{D236EB55-33D4-449E-A10F-2A4B6F83272D}.Debug|Any CPU.Build.0 = Debug|Any CPU
		{D236EB55-33D4-449E-A10F-2A4B6F83272D}.Debug|x64.ActiveCfg = Debug|Any CPU
		{D236EB55-33D4-449E-A10F-2A4B6F83272D}.Debug|x64.Build.0 = Debug|Any CPU
		{D236EB55-33D4-449E-A10F-2A4B6F83272D}.Debug|x86.ActiveCfg = Debug|Any CPU
		{D236EB55-33D4-449E-A10F-2A4B6F83272D}.Debug|x86.Build.0 = Debug|Any CPU
		{D236EB55-33D4-449E-A10F-2A4B6F83272D}.Release|Any CPU.ActiveCfg = Release|Any CPU
		{D236EB55-33D4-449E-A10F-2A4B6F83272D}.Release|Any CPU.Build.0 = Release|Any CPU
		{D236EB55-33D4-449E-A10F-2A4B6F83272D}.Release|x64.ActiveCfg = Release|Any CPU
		{D236EB55-33D4-449E-A10F-2A4B6F83272D}.Release|x64.Build.0 = Release|Any CPU
		{D236EB55-33D4-449E-A10F-2A4B6F83272D}.Release|x86.ActiveCfg = Release|Any CPU
		{D236EB55-33D4-449E-A10F-2A4B6F83272D}.Release|x86.Build.0 = Release|Any CPU
	EndGlobalSection
	GlobalSection(SolutionProperties) = preSolution
		HideSolutionNode = FALSE
	EndGlobalSection
	GlobalSection(NestedProjects) = preSolution
		{D236EB55-33D4-449E-A10F-2A4B6F83272D} = {78F335D1-8ED5-4DAF-B125-20DE715AC711}
	EndGlobalSection
	GlobalSection(ExtensibilityGlobals) = postSolution
		SolutionGuid = {C44855C9-00E7-4DCE-857D-DAFE8B2C631E}
	EndGlobalSection
EndGlobal
