
Microsoft Visual Studio Solution File, Format Version 12.00
# Visual Studio Version 17
VisualStudioVersion = 17.1.32210.238
MinimumVisualStudioVersion = 10.0.40219.1
Project("{2150E333-8FDC-42A3-9474-1A3956D46DE8}") = "01 - Testes de Unidade", "01 - Testes de Unidade", "{B91E7B07-293D-4010-89B3-92F8486D54B8}"
EndProject
Project("{2150E333-8FDC-42A3-9474-1A3956D46DE8}") = "1.1 - Testes Basicos", "1.1 - Testes Basicos", "{7D628120-607E-4F55-A948-8B622E4AAC48}"
EndProject
Project("{FAE04EC0-301F-11D3-BF4B-00C04F79EFBC}") = "Demo", "01 - Testes de Unidade\Demo\Demo.csproj", "{C9A2E64D-FF4A-4AAC-AB7F-5CB70DD27222}"
EndProject
Project("{FAE04EC0-301F-11D3-BF4B-00C04F79EFBC}") = "Demo.Tests", "01 - Testes de Unidade\Demo.Tests\Demo.Tests.csproj", "{D34A376F-4A7B-4CB0-AFAA-61608F92ADDD}"
EndProject
Project("{2150E333-8FDC-42A3-9474-1A3956D46DE8}") = "2.2 - Features", "2.2 - Features", "{EDA1969A-7AA9-474A-813E-A409FCCDC5ED}"
EndProject
Project("{FAE04EC0-301F-11D3-BF4B-00C04F79EFBC}") = "Features", "01 - Testes de Unidade\Features\Features.csproj", "{35C68D61-FBB2-4011-9F11-D6C52C5E374B}"
EndProject
Project("{FAE04EC0-301F-11D3-BF4B-00C04F79EFBC}") = "Features.Tests", "01 - Testes de Unidade\Features.Tests\Features.Tests.csproj", "{29E46F8F-AD5B-43CE-ACD9-54B6D18F0053}"
EndProject
Global
	GlobalSection(SolutionConfigurationPlatforms) = preSolution
		Debug|Any CPU = Debug|Any CPU
		Release|Any CPU = Release|Any CPU
	EndGlobalSection
	GlobalSection(ProjectConfigurationPlatforms) = postSolution
		{C9A2E64D-FF4A-4AAC-AB7F-5CB70DD27222}.Debug|Any CPU.ActiveCfg = Debug|Any CPU
		{C9A2E64D-FF4A-4AAC-AB7F-5CB70DD27222}.Debug|Any CPU.Build.0 = Debug|Any CPU
		{C9A2E64D-FF4A-4AAC-AB7F-5CB70DD27222}.Release|Any CPU.ActiveCfg = Release|Any CPU
		{C9A2E64D-FF4A-4AAC-AB7F-5CB70DD27222}.Release|Any CPU.Build.0 = Release|Any CPU
		{D34A376F-4A7B-4CB0-AFAA-61608F92ADDD}.Debug|Any CPU.ActiveCfg = Debug|Any CPU
		{D34A376F-4A7B-4CB0-AFAA-61608F92ADDD}.Debug|Any CPU.Build.0 = Debug|Any CPU
		{D34A376F-4A7B-4CB0-AFAA-61608F92ADDD}.Release|Any CPU.ActiveCfg = Release|Any CPU
		{D34A376F-4A7B-4CB0-AFAA-61608F92ADDD}.Release|Any CPU.Build.0 = Release|Any CPU
		{35C68D61-FBB2-4011-9F11-D6C52C5E374B}.Debug|Any CPU.ActiveCfg = Debug|Any CPU
		{35C68D61-FBB2-4011-9F11-D6C52C5E374B}.Debug|Any CPU.Build.0 = Debug|Any CPU
		{35C68D61-FBB2-4011-9F11-D6C52C5E374B}.Release|Any CPU.ActiveCfg = Release|Any CPU
		{35C68D61-FBB2-4011-9F11-D6C52C5E374B}.Release|Any CPU.Build.0 = Release|Any CPU
		{29E46F8F-AD5B-43CE-ACD9-54B6D18F0053}.Debug|Any CPU.ActiveCfg = Debug|Any CPU
		{29E46F8F-AD5B-43CE-ACD9-54B6D18F0053}.Debug|Any CPU.Build.0 = Debug|Any CPU
		{29E46F8F-AD5B-43CE-ACD9-54B6D18F0053}.Release|Any CPU.ActiveCfg = Release|Any CPU
		{29E46F8F-AD5B-43CE-ACD9-54B6D18F0053}.Release|Any CPU.Build.0 = Release|Any CPU
	EndGlobalSection
	GlobalSection(SolutionProperties) = preSolution
		HideSolutionNode = FALSE
	EndGlobalSection
	GlobalSection(NestedProjects) = preSolution
		{7D628120-607E-4F55-A948-8B622E4AAC48} = {B91E7B07-293D-4010-89B3-92F8486D54B8}
		{C9A2E64D-FF4A-4AAC-AB7F-5CB70DD27222} = {7D628120-607E-4F55-A948-8B622E4AAC48}
		{D34A376F-4A7B-4CB0-AFAA-61608F92ADDD} = {7D628120-607E-4F55-A948-8B622E4AAC48}
		{EDA1969A-7AA9-474A-813E-A409FCCDC5ED} = {B91E7B07-293D-4010-89B3-92F8486D54B8}
		{35C68D61-FBB2-4011-9F11-D6C52C5E374B} = {EDA1969A-7AA9-474A-813E-A409FCCDC5ED}
		{29E46F8F-AD5B-43CE-ACD9-54B6D18F0053} = {EDA1969A-7AA9-474A-813E-A409FCCDC5ED}
	EndGlobalSection
	GlobalSection(ExtensibilityGlobals) = postSolution
		SolutionGuid = {71541007-06A8-4880-959E-5FD18F62455D}
	EndGlobalSection
EndGlobal
