
Microsoft Visual Studio Solution File, Format Version 12.00
# Visual Studio Version 17
VisualStudioVersion = 17.1.32210.238
MinimumVisualStudioVersion = 10.0.40219.1
Project("{2150E333-8FDC-42A3-9474-1A3956D46DE8}") = "01 - Testes de Unidade", "01 - Testes de Unidade", "{B91E7B07-293D-4010-89B3-92F8486D54B8}"
EndProject
Project("{2150E333-8FDC-42A3-9474-1A3956D46DE8}") = "1.1 - Testes Basicos", "1.1 - Testes Basicos", "{7D628120-607E-4F55-A948-8B622E4AAC48}"
EndProject
Project("{9A19103F-16F7-4668-BE54-9A1E7A4F7556}") = "Demo", "01 - Testes de Unidade\Demo\Demo.csproj", "{C9A2E64D-FF4A-4AAC-AB7F-5CB70DD27222}"
EndProject
Project("{9A19103F-16F7-4668-BE54-9A1E7A4F7556}") = "Demo.Tests", "01 - Testes de Unidade\Demo.Tests\Demo.Tests.csproj", "{D34A376F-4A7B-4CB0-AFAA-61608F92ADDD}"
EndProject
Project("{2150E333-8FDC-42A3-9474-1A3956D46DE8}") = "2.2 - Features", "2.2 - Features", "{EDA1969A-7AA9-474A-813E-A409FCCDC5ED}"
EndProject
Project("{9A19103F-16F7-4668-BE54-9A1E7A4F7556}") = "Features", "01 - Testes de Unidade\Features\Features.csproj", "{35C68D61-FBB2-4011-9F11-D6C52C5E374B}"
EndProject
Project("{9A19103F-16F7-4668-BE54-9A1E7A4F7556}") = "Features.Tests", "01 - Testes de Unidade\Features.Tests\Features.Tests.csproj", "{0763F4DC-C2BA-4EF3-A5B1-709B57FCBD56}"
EndProject
Project("{2150E333-8FDC-42A3-9474-1A3956D46DE8}") = "02 - TDD", "02 - TDD", "{BE150CA1-0CD4-46CE-B657-6F60F66135E6}"
EndProject
Project("{2150E333-8FDC-42A3-9474-1A3956D46DE8}") = "tests", "tests", "{AB2C7735-9E8B-47E3-8CEA-C4A879245679}"
EndProject
Project("{9A19103F-16F7-4668-BE54-9A1E7A4F7556}") = "NerdStore.Vendas.Application.Tests", "02 - TDD\tests\NerdStore.Vendas.Application.Tests\NerdStore.Vendas.Application.Tests.csproj", "{7D0903B7-C953-48BA-8CF1-BB9E7CBCE23D}"
EndProject
Project("{9A19103F-16F7-4668-BE54-9A1E7A4F7556}") = "NerdStore.Vendas.Domain.Tests", "02 - TDD\tests\NerdStore.Vendas.Domain.Tests\NerdStore.Vendas.Domain.Tests.csproj", "{9ED8765A-1A2C-4181-9115-8DD175B7BBC5}"
EndProject
Project("{2150E333-8FDC-42A3-9474-1A3956D46DE8}") = "src", "src", "{6BE3D0CC-84CF-499C-A817-3C246183248F}"
EndProject
Project("{9A19103F-16F7-4668-BE54-9A1E7A4F7556}") = "NerdStore.Vendas.Domain", "02 - TDD\src\NerdStore.Vendas.Domain\NerdStore.Vendas.Domain.csproj", "{B0568852-841D-416C-AFF1-46D3DBA67D9A}"
EndProject
Project("{9A19103F-16F7-4668-BE54-9A1E7A4F7556}") = "NerdStore.Core", "02 - TDD\src\NerdStore.Core\NerdStore.Core.csproj", "{B47AAB08-C043-4B91-B4FE-2C02609CE77C}"
EndProject
Project("{9A19103F-16F7-4668-BE54-9A1E7A4F7556}") = "NerdStore.Vendas.Application", "02 - TDD\src\NerdStore.Vendas.Application\NerdStore.Vendas.Application.csproj", "{B802ADC8-A500-4550-98E8-159DC7DFEF54}"
EndProject
Project("{9A19103F-16F7-4668-BE54-9A1E7A4F7556}") = "NerdStore.Vendas.Data", "02 - TDD\src\NerdStore.Vendas.Data\NerdStore.Vendas.Data.csproj", "{E9852393-1959-4CC5-8B35-FFDB8FDCA63B}"
EndProject
Project("{2150E333-8FDC-42A3-9474-1A3956D46DE8}") = "03 - Testes de Integração", "03 - Testes de Integração", "{FA857177-0E87-45E9-AAE4-0CA29B7B0435}"
EndProject
Project("{2150E333-8FDC-42A3-9474-1A3956D46DE8}") = "src", "src", "{9119F873-F210-41C8-B5C3-FEBB0A7F371B}"
EndProject
Project("{2150E333-8FDC-42A3-9474-1A3956D46DE8}") = "tests", "tests", "{2E9A6AC3-70CF-4974-BA28-3C9EF2A9A05F}"
EndProject
Project("{9A19103F-16F7-4668-BE54-9A1E7A4F7556}") = "NerdStore.Catalogo.Application", "03 - Testes de Integração\src\NerdStore.Catalogo.Application\NerdStore.Catalogo.Application.csproj", "{E2379A92-DA08-4649-A674-CB0A83CCAC00}"
EndProject
Project("{9A19103F-16F7-4668-BE54-9A1E7A4F7556}") = "NerdStore.Catalogo.Data", "03 - Testes de Integração\src\NerdStore.Catalogo.Data\NerdStore.Catalogo.Data.csproj", "{E4D80FB0-6244-4F14-86F1-BF400AAEC8F3}"
EndProject
Project("{9A19103F-16F7-4668-BE54-9A1E7A4F7556}") = "NerdStore.Catalogo.Domain", "03 - Testes de Integração\src\NerdStore.Catalogo.Domain\NerdStore.Catalogo.Domain.csproj", "{13993661-2C83-4018-9A6B-1FF48AFE1B01}"
EndProject
Project("{9A19103F-16F7-4668-BE54-9A1E7A4F7556}") = "NerdStore.WebApp.MVC", "03 - Testes de Integração\src\NerdStore.WebApp.MVC\NerdStore.WebApp.MVC.csproj", "{118DCCE8-EA51-4D54-B15B-3C1C47906836}"
EndProject
Project("{FAE04EC0-301F-11D3-BF4B-00C04F79EFBC}") = "NerdStore.WebApp.Tests", "03 - Testes de Integração\tests\NerdStore.WebApp.Tests\NerdStore.WebApp.Tests.csproj", "{0B05CC84-04AE-44E4-9709-CC99AF738CD4}"
EndProject
Global
	GlobalSection(SolutionConfigurationPlatforms) = preSolution
		Debug|Any CPU = Debug|Any CPU
		Release|Any CPU = Release|Any CPU
	EndGlobalSection
	GlobalSection(ProjectConfigurationPlatforms) = postSolution
		{C9A2E64D-FF4A-4AAC-AB7F-5CB70DD27222}.Debug|Any CPU.ActiveCfg = Debug|Any CPU
		{C9A2E64D-FF4A-4AAC-AB7F-5CB70DD27222}.Debug|Any CPU.Build.0 = Debug|Any CPU
		{C9A2E64D-FF4A-4AAC-AB7F-5CB70DD27222}.Release|Any CPU.ActiveCfg = Release|Any CPU
		{C9A2E64D-FF4A-4AAC-AB7F-5CB70DD27222}.Release|Any CPU.Build.0 = Release|Any CPU
		{D34A376F-4A7B-4CB0-AFAA-61608F92ADDD}.Debug|Any CPU.ActiveCfg = Debug|Any CPU
		{D34A376F-4A7B-4CB0-AFAA-61608F92ADDD}.Debug|Any CPU.Build.0 = Debug|Any CPU
		{D34A376F-4A7B-4CB0-AFAA-61608F92ADDD}.Release|Any CPU.ActiveCfg = Release|Any CPU
		{D34A376F-4A7B-4CB0-AFAA-61608F92ADDD}.Release|Any CPU.Build.0 = Release|Any CPU
		{35C68D61-FBB2-4011-9F11-D6C52C5E374B}.Debug|Any CPU.ActiveCfg = Debug|Any CPU
		{35C68D61-FBB2-4011-9F11-D6C52C5E374B}.Debug|Any CPU.Build.0 = Debug|Any CPU
		{35C68D61-FBB2-4011-9F11-D6C52C5E374B}.Release|Any CPU.ActiveCfg = Release|Any CPU
		{35C68D61-FBB2-4011-9F11-D6C52C5E374B}.Release|Any CPU.Build.0 = Release|Any CPU
		{0763F4DC-C2BA-4EF3-A5B1-709B57FCBD56}.Debug|Any CPU.ActiveCfg = Debug|Any CPU
		{0763F4DC-C2BA-4EF3-A5B1-709B57FCBD56}.Debug|Any CPU.Build.0 = Debug|Any CPU
		{0763F4DC-C2BA-4EF3-A5B1-709B57FCBD56}.Release|Any CPU.ActiveCfg = Release|Any CPU
		{0763F4DC-C2BA-4EF3-A5B1-709B57FCBD56}.Release|Any CPU.Build.0 = Release|Any CPU
		{7D0903B7-C953-48BA-8CF1-BB9E7CBCE23D}.Debug|Any CPU.ActiveCfg = Debug|Any CPU
		{7D0903B7-C953-48BA-8CF1-BB9E7CBCE23D}.Debug|Any CPU.Build.0 = Debug|Any CPU
		{7D0903B7-C953-48BA-8CF1-BB9E7CBCE23D}.Release|Any CPU.ActiveCfg = Release|Any CPU
		{7D0903B7-C953-48BA-8CF1-BB9E7CBCE23D}.Release|Any CPU.Build.0 = Release|Any CPU
		{9ED8765A-1A2C-4181-9115-8DD175B7BBC5}.Debug|Any CPU.ActiveCfg = Debug|Any CPU
		{9ED8765A-1A2C-4181-9115-8DD175B7BBC5}.Debug|Any CPU.Build.0 = Debug|Any CPU
		{9ED8765A-1A2C-4181-9115-8DD175B7BBC5}.Release|Any CPU.ActiveCfg = Release|Any CPU
		{9ED8765A-1A2C-4181-9115-8DD175B7BBC5}.Release|Any CPU.Build.0 = Release|Any CPU
		{B0568852-841D-416C-AFF1-46D3DBA67D9A}.Debug|Any CPU.ActiveCfg = Debug|Any CPU
		{B0568852-841D-416C-AFF1-46D3DBA67D9A}.Debug|Any CPU.Build.0 = Debug|Any CPU
		{B0568852-841D-416C-AFF1-46D3DBA67D9A}.Release|Any CPU.ActiveCfg = Release|Any CPU
		{B0568852-841D-416C-AFF1-46D3DBA67D9A}.Release|Any CPU.Build.0 = Release|Any CPU
		{B47AAB08-C043-4B91-B4FE-2C02609CE77C}.Debug|Any CPU.ActiveCfg = Debug|Any CPU
		{B47AAB08-C043-4B91-B4FE-2C02609CE77C}.Debug|Any CPU.Build.0 = Debug|Any CPU
		{B47AAB08-C043-4B91-B4FE-2C02609CE77C}.Release|Any CPU.ActiveCfg = Release|Any CPU
		{B47AAB08-C043-4B91-B4FE-2C02609CE77C}.Release|Any CPU.Build.0 = Release|Any CPU
		{B802ADC8-A500-4550-98E8-159DC7DFEF54}.Debug|Any CPU.ActiveCfg = Debug|Any CPU
		{B802ADC8-A500-4550-98E8-159DC7DFEF54}.Debug|Any CPU.Build.0 = Debug|Any CPU
		{B802ADC8-A500-4550-98E8-159DC7DFEF54}.Release|Any CPU.ActiveCfg = Release|Any CPU
		{B802ADC8-A500-4550-98E8-159DC7DFEF54}.Release|Any CPU.Build.0 = Release|Any CPU
		{E9852393-1959-4CC5-8B35-FFDB8FDCA63B}.Debug|Any CPU.ActiveCfg = Debug|Any CPU
		{E9852393-1959-4CC5-8B35-FFDB8FDCA63B}.Debug|Any CPU.Build.0 = Debug|Any CPU
		{E9852393-1959-4CC5-8B35-FFDB8FDCA63B}.Release|Any CPU.ActiveCfg = Release|Any CPU
		{E9852393-1959-4CC5-8B35-FFDB8FDCA63B}.Release|Any CPU.Build.0 = Release|Any CPU
		{E2379A92-DA08-4649-A674-CB0A83CCAC00}.Debug|Any CPU.ActiveCfg = Debug|Any CPU
		{E2379A92-DA08-4649-A674-CB0A83CCAC00}.Debug|Any CPU.Build.0 = Debug|Any CPU
		{E2379A92-DA08-4649-A674-CB0A83CCAC00}.Release|Any CPU.ActiveCfg = Release|Any CPU
		{E2379A92-DA08-4649-A674-CB0A83CCAC00}.Release|Any CPU.Build.0 = Release|Any CPU
		{E4D80FB0-6244-4F14-86F1-BF400AAEC8F3}.Debug|Any CPU.ActiveCfg = Debug|Any CPU
		{E4D80FB0-6244-4F14-86F1-BF400AAEC8F3}.Debug|Any CPU.Build.0 = Debug|Any CPU
		{E4D80FB0-6244-4F14-86F1-BF400AAEC8F3}.Release|Any CPU.ActiveCfg = Release|Any CPU
		{E4D80FB0-6244-4F14-86F1-BF400AAEC8F3}.Release|Any CPU.Build.0 = Release|Any CPU
		{13993661-2C83-4018-9A6B-1FF48AFE1B01}.Debug|Any CPU.ActiveCfg = Debug|Any CPU
		{13993661-2C83-4018-9A6B-1FF48AFE1B01}.Debug|Any CPU.Build.0 = Debug|Any CPU
		{13993661-2C83-4018-9A6B-1FF48AFE1B01}.Release|Any CPU.ActiveCfg = Release|Any CPU
		{13993661-2C83-4018-9A6B-1FF48AFE1B01}.Release|Any CPU.Build.0 = Release|Any CPU
		{118DCCE8-EA51-4D54-B15B-3C1C47906836}.Debug|Any CPU.ActiveCfg = Debug|Any CPU
		{118DCCE8-EA51-4D54-B15B-3C1C47906836}.Debug|Any CPU.Build.0 = Debug|Any CPU
		{118DCCE8-EA51-4D54-B15B-3C1C47906836}.Release|Any CPU.ActiveCfg = Release|Any CPU
		{118DCCE8-EA51-4D54-B15B-3C1C47906836}.Release|Any CPU.Build.0 = Release|Any CPU
		{0B05CC84-04AE-44E4-9709-CC99AF738CD4}.Debug|Any CPU.ActiveCfg = Debug|Any CPU
		{0B05CC84-04AE-44E4-9709-CC99AF738CD4}.Debug|Any CPU.Build.0 = Debug|Any CPU
		{0B05CC84-04AE-44E4-9709-CC99AF738CD4}.Release|Any CPU.ActiveCfg = Release|Any CPU
		{0B05CC84-04AE-44E4-9709-CC99AF738CD4}.Release|Any CPU.Build.0 = Release|Any CPU
	EndGlobalSection
	GlobalSection(SolutionProperties) = preSolution
		HideSolutionNode = FALSE
	EndGlobalSection
	GlobalSection(NestedProjects) = preSolution
		{7D628120-607E-4F55-A948-8B622E4AAC48} = {B91E7B07-293D-4010-89B3-92F8486D54B8}
		{C9A2E64D-FF4A-4AAC-AB7F-5CB70DD27222} = {7D628120-607E-4F55-A948-8B622E4AAC48}
		{D34A376F-4A7B-4CB0-AFAA-61608F92ADDD} = {7D628120-607E-4F55-A948-8B622E4AAC48}
		{EDA1969A-7AA9-474A-813E-A409FCCDC5ED} = {B91E7B07-293D-4010-89B3-92F8486D54B8}
		{35C68D61-FBB2-4011-9F11-D6C52C5E374B} = {EDA1969A-7AA9-474A-813E-A409FCCDC5ED}
		{0763F4DC-C2BA-4EF3-A5B1-709B57FCBD56} = {B91E7B07-293D-4010-89B3-92F8486D54B8}
		{AB2C7735-9E8B-47E3-8CEA-C4A879245679} = {BE150CA1-0CD4-46CE-B657-6F60F66135E6}
		{7D0903B7-C953-48BA-8CF1-BB9E7CBCE23D} = {AB2C7735-9E8B-47E3-8CEA-C4A879245679}
		{9ED8765A-1A2C-4181-9115-8DD175B7BBC5} = {AB2C7735-9E8B-47E3-8CEA-C4A879245679}
		{6BE3D0CC-84CF-499C-A817-3C246183248F} = {BE150CA1-0CD4-46CE-B657-6F60F66135E6}
		{B0568852-841D-416C-AFF1-46D3DBA67D9A} = {6BE3D0CC-84CF-499C-A817-3C246183248F}
		{B47AAB08-C043-4B91-B4FE-2C02609CE77C} = {6BE3D0CC-84CF-499C-A817-3C246183248F}
		{B802ADC8-A500-4550-98E8-159DC7DFEF54} = {6BE3D0CC-84CF-499C-A817-3C246183248F}
		{E9852393-1959-4CC5-8B35-FFDB8FDCA63B} = {6BE3D0CC-84CF-499C-A817-3C246183248F}
		{9119F873-F210-41C8-B5C3-FEBB0A7F371B} = {FA857177-0E87-45E9-AAE4-0CA29B7B0435}
		{2E9A6AC3-70CF-4974-BA28-3C9EF2A9A05F} = {FA857177-0E87-45E9-AAE4-0CA29B7B0435}
		{E2379A92-DA08-4649-A674-CB0A83CCAC00} = {9119F873-F210-41C8-B5C3-FEBB0A7F371B}
		{E4D80FB0-6244-4F14-86F1-BF400AAEC8F3} = {9119F873-F210-41C8-B5C3-FEBB0A7F371B}
		{13993661-2C83-4018-9A6B-1FF48AFE1B01} = {9119F873-F210-41C8-B5C3-FEBB0A7F371B}
		{118DCCE8-EA51-4D54-B15B-3C1C47906836} = {9119F873-F210-41C8-B5C3-FEBB0A7F371B}
		{0B05CC84-04AE-44E4-9709-CC99AF738CD4} = {2E9A6AC3-70CF-4974-BA28-3C9EF2A9A05F}
	EndGlobalSection
	GlobalSection(ExtensibilityGlobals) = postSolution
		SolutionGuid = {71541007-06A8-4880-959E-5FD18F62455D}
	EndGlobalSection
EndGlobal
